
Microsoft Visual Studio Solution File, Format Version 12.00
# Visual Studio Version 16
VisualStudioVersion = 16.0.29920.165
MinimumVisualStudioVersion = 10.0.40219.1
Project("{FAE04EC0-301F-11D3-BF4B-00C04F79EFBC}") = "Project_MARS", "Project_MARS\Project_MARS.csproj", "{819D162B-7EC9-4723-811C-DF7D9DC1D2A6}"
EndProject
Global
	GlobalSection(SolutionConfigurationPlatforms) = preSolution
		Debug|Any CPU = Debug|Any CPU
		Release|Any CPU = Release|Any CPU
	EndGlobalSection
	GlobalSection(ProjectConfigurationPlatforms) = postSolution
		{819D162B-7EC9-4723-811C-DF7D9DC1D2A6}.Debug|Any CPU.ActiveCfg = Debug|Any CPU
		{819D162B-7EC9-4723-811C-DF7D9DC1D2A6}.Debug|Any CPU.Build.0 = Debug|Any CPU
		{819D162B-7EC9-4723-811C-DF7D9DC1D2A6}.Release|Any CPU.ActiveCfg = Release|Any CPU
		{819D162B-7EC9-4723-811C-DF7D9DC1D2A6}.Release|Any CPU.Build.0 = Release|Any CPU
	EndGlobalSection
	GlobalSection(SolutionProperties) = preSolution
		HideSolutionNode = FALSE
	EndGlobalSection
	GlobalSection(ExtensibilityGlobals) = postSolution
		SolutionGuid = {E67A47F1-D0A5-4E32-90F6-2AC06023F287}
	EndGlobalSection
EndGlobal
